
Microsoft Visual Studio Solution File, Format Version 10.00
# Visual Studio 2008
Project("{FAE04EC0-301F-11D3-BF4B-00C04F79EFBC}") = "cng1985", "cng1985\cng1985.csproj", "{DBBF74B8-7B17-4881-9E85-E4F9E251EEDD}"
EndProject
Project("{FAE04EC0-301F-11D3-BF4B-00C04F79EFBC}") = "papa", "papa\papa.csproj", "{A5925E1B-4313-4D88-9D49-0253D5F82A36}"
EndProject
Project("{FAE04EC0-301F-11D3-BF4B-00C04F79EFBC}") = "WebServices", "WebServices\WebServices.csproj", "{D05D1C83-4BEF-4E86-8B33-4E0CA9027548}"
EndProject
Project("{FAE04EC0-301F-11D3-BF4B-00C04F79EFBC}") = "World", "World\World.csproj", "{AC7135C5-BD82-4E7A-8808-C920A8F42AF4}"
EndProject
Project("{FAE04EC0-301F-11D3-BF4B-00C04F79EFBC}") = "World.Tests", "World.Tests\World.Tests.csproj", "{D659396A-68A2-45D6-A014-DEF9C0391E1E}"
EndProject
Project("{FAE04EC0-301F-11D3-BF4B-00C04F79EFBC}") = "SchoolTable", "SchoolTable\SchoolTable.csproj", "{8A8FF1D3-50C0-4838-B8CE-8B03EB4EE1C5}"
EndProject
Project("{FAE04EC0-301F-11D3-BF4B-00C04F79EFBC}") = "SchoolTable.Tests", "SchoolTable.Tests\SchoolTable.Tests.csproj", "{CC357D50-DB13-432F-A9DD-3B640737B2FB}"
EndProject
Project("{FAE04EC0-301F-11D3-BF4B-00C04F79EFBC}") = "School", "School\School.csproj", "{9DC7601A-E88B-43CF-A310-F73FE859497B}"
EndProject
Project("{FAE04EC0-301F-11D3-BF4B-00C04F79EFBC}") = "School.Tests", "School.Tests\School.Tests.csproj", "{77340890-7DD5-4F60-B3C0-26B4259BF39C}"
EndProject
Global
	GlobalSection(SubversionScc) = preSolution
		Svn-Managed = True
		Manager = AnkhSVN - Subversion Support for Visual Studio
	EndGlobalSection
	GlobalSection(SolutionConfigurationPlatforms) = preSolution
		Debug|Any CPU = Debug|Any CPU
		Release|Any CPU = Release|Any CPU
	EndGlobalSection
	GlobalSection(ProjectConfigurationPlatforms) = postSolution
		{DBBF74B8-7B17-4881-9E85-E4F9E251EEDD}.Debug|Any CPU.ActiveCfg = Debug|Any CPU
		{DBBF74B8-7B17-4881-9E85-E4F9E251EEDD}.Debug|Any CPU.Build.0 = Debug|Any CPU
		{DBBF74B8-7B17-4881-9E85-E4F9E251EEDD}.Release|Any CPU.ActiveCfg = Release|Any CPU
		{DBBF74B8-7B17-4881-9E85-E4F9E251EEDD}.Release|Any CPU.Build.0 = Release|Any CPU
		{A5925E1B-4313-4D88-9D49-0253D5F82A36}.Debug|Any CPU.ActiveCfg = Debug|Any CPU
		{A5925E1B-4313-4D88-9D49-0253D5F82A36}.Debug|Any CPU.Build.0 = Debug|Any CPU
		{A5925E1B-4313-4D88-9D49-0253D5F82A36}.Release|Any CPU.ActiveCfg = Release|Any CPU
		{A5925E1B-4313-4D88-9D49-0253D5F82A36}.Release|Any CPU.Build.0 = Release|Any CPU
		{D05D1C83-4BEF-4E86-8B33-4E0CA9027548}.Debug|Any CPU.ActiveCfg = Debug|Any CPU
		{D05D1C83-4BEF-4E86-8B33-4E0CA9027548}.Debug|Any CPU.Build.0 = Debug|Any CPU
		{D05D1C83-4BEF-4E86-8B33-4E0CA9027548}.Release|Any CPU.ActiveCfg = Release|Any CPU
		{D05D1C83-4BEF-4E86-8B33-4E0CA9027548}.Release|Any CPU.Build.0 = Release|Any CPU
		{AC7135C5-BD82-4E7A-8808-C920A8F42AF4}.Debug|Any CPU.ActiveCfg = Debug|Any CPU
		{AC7135C5-BD82-4E7A-8808-C920A8F42AF4}.Debug|Any CPU.Build.0 = Debug|Any CPU
		{AC7135C5-BD82-4E7A-8808-C920A8F42AF4}.Release|Any CPU.ActiveCfg = Release|Any CPU
		{AC7135C5-BD82-4E7A-8808-C920A8F42AF4}.Release|Any CPU.Build.0 = Release|Any CPU
		{D659396A-68A2-45D6-A014-DEF9C0391E1E}.Debug|Any CPU.ActiveCfg = Debug|Any CPU
		{D659396A-68A2-45D6-A014-DEF9C0391E1E}.Debug|Any CPU.Build.0 = Debug|Any CPU
		{D659396A-68A2-45D6-A014-DEF9C0391E1E}.Release|Any CPU.ActiveCfg = Release|Any CPU
		{D659396A-68A2-45D6-A014-DEF9C0391E1E}.Release|Any CPU.Build.0 = Release|Any CPU
		{8A8FF1D3-50C0-4838-B8CE-8B03EB4EE1C5}.Debug|Any CPU.ActiveCfg = Debug|Any CPU
		{8A8FF1D3-50C0-4838-B8CE-8B03EB4EE1C5}.Debug|Any CPU.Build.0 = Debug|Any CPU
		{8A8FF1D3-50C0-4838-B8CE-8B03EB4EE1C5}.Release|Any CPU.ActiveCfg = Release|Any CPU
		{8A8FF1D3-50C0-4838-B8CE-8B03EB4EE1C5}.Release|Any CPU.Build.0 = Release|Any CPU
		{CC357D50-DB13-432F-A9DD-3B640737B2FB}.Debug|Any CPU.ActiveCfg = Debug|Any CPU
		{CC357D50-DB13-432F-A9DD-3B640737B2FB}.Debug|Any CPU.Build.0 = Debug|Any CPU
		{CC357D50-DB13-432F-A9DD-3B640737B2FB}.Release|Any CPU.ActiveCfg = Release|Any CPU
		{CC357D50-DB13-432F-A9DD-3B640737B2FB}.Release|Any CPU.Build.0 = Release|Any CPU
		{9DC7601A-E88B-43CF-A310-F73FE859497B}.Debug|Any CPU.ActiveCfg = Debug|Any CPU
		{9DC7601A-E88B-43CF-A310-F73FE859497B}.Debug|Any CPU.Build.0 = Debug|Any CPU
		{9DC7601A-E88B-43CF-A310-F73FE859497B}.Release|Any CPU.ActiveCfg = Release|Any CPU
		{9DC7601A-E88B-43CF-A310-F73FE859497B}.Release|Any CPU.Build.0 = Release|Any CPU
		{77340890-7DD5-4F60-B3C0-26B4259BF39C}.Debug|Any CPU.ActiveCfg = Debug|Any CPU
		{77340890-7DD5-4F60-B3C0-26B4259BF39C}.Debug|Any CPU.Build.0 = Debug|Any CPU
		{77340890-7DD5-4F60-B3C0-26B4259BF39C}.Release|Any CPU.ActiveCfg = Release|Any CPU
		{77340890-7DD5-4F60-B3C0-26B4259BF39C}.Release|Any CPU.Build.0 = Release|Any CPU
	EndGlobalSection
	GlobalSection(SolutionProperties) = preSolution
		HideSolutionNode = FALSE
	EndGlobalSection
EndGlobal
