
Microsoft Visual Studio Solution File, Format Version 10.00
# Visual Studio 2008
Project("{FAE04EC0-301F-11D3-BF4B-00C04F79EFBC}") = "cng1985", "cng1985\cng1985.csproj", "{DBBF74B8-7B17-4881-9E85-E4F9E251EEDD}"
EndProject
Project("{FAE04EC0-301F-11D3-BF4B-00C04F79EFBC}") = "School", "School\School.csproj", "{9DC7601A-E88B-43CF-A310-F73FE859497B}"
EndProject
Project("{FAE04EC0-301F-11D3-BF4B-00C04F79EFBC}") = "School.Tests", "School.Tests\School.Tests.csproj", "{77340890-7DD5-4F60-B3C0-26B4259BF39C}"
EndProject
Project("{FAE04EC0-301F-11D3-BF4B-00C04F79EFBC}") = "Work", "Work\Work.csproj", "{B2DD772D-F347-40F3-B9E7-D5DCEB772E6E}"
EndProject
Project("{FAE04EC0-301F-11D3-BF4B-00C04F79EFBC}") = "System.Web.Mvc", "D:\My Documents\Downloads\MVC-MS-Pl\System.Web.Mvc.csproj", "{3D3FFD8A-624D-4E9B-954B-E1C105507975}"
EndProject
Global
	GlobalSection(SubversionScc) = preSolution
		Svn-Managed = True
		Manager = AnkhSVN - Subversion Support for Visual Studio
	EndGlobalSection
	GlobalSection(SolutionConfigurationPlatforms) = preSolution
		Debug|Any CPU = Debug|Any CPU
		Release|Any CPU = Release|Any CPU
	EndGlobalSection
	GlobalSection(ProjectConfigurationPlatforms) = postSolution
		{DBBF74B8-7B17-4881-9E85-E4F9E251EEDD}.Debug|Any CPU.ActiveCfg = Debug|Any CPU
		{DBBF74B8-7B17-4881-9E85-E4F9E251EEDD}.Debug|Any CPU.Build.0 = Debug|Any CPU
		{DBBF74B8-7B17-4881-9E85-E4F9E251EEDD}.Release|Any CPU.ActiveCfg = Release|Any CPU
		{DBBF74B8-7B17-4881-9E85-E4F9E251EEDD}.Release|Any CPU.Build.0 = Release|Any CPU
		{9DC7601A-E88B-43CF-A310-F73FE859497B}.Debug|Any CPU.ActiveCfg = Debug|Any CPU
		{9DC7601A-E88B-43CF-A310-F73FE859497B}.Debug|Any CPU.Build.0 = Debug|Any CPU
		{9DC7601A-E88B-43CF-A310-F73FE859497B}.Release|Any CPU.ActiveCfg = Release|Any CPU
		{9DC7601A-E88B-43CF-A310-F73FE859497B}.Release|Any CPU.Build.0 = Release|Any CPU
		{77340890-7DD5-4F60-B3C0-26B4259BF39C}.Debug|Any CPU.ActiveCfg = Debug|Any CPU
		{77340890-7DD5-4F60-B3C0-26B4259BF39C}.Debug|Any CPU.Build.0 = Debug|Any CPU
		{77340890-7DD5-4F60-B3C0-26B4259BF39C}.Release|Any CPU.ActiveCfg = Release|Any CPU
		{77340890-7DD5-4F60-B3C0-26B4259BF39C}.Release|Any CPU.Build.0 = Release|Any CPU
		{B2DD772D-F347-40F3-B9E7-D5DCEB772E6E}.Debug|Any CPU.ActiveCfg = Debug|Any CPU
		{B2DD772D-F347-40F3-B9E7-D5DCEB772E6E}.Debug|Any CPU.Build.0 = Debug|Any CPU
		{B2DD772D-F347-40F3-B9E7-D5DCEB772E6E}.Release|Any CPU.ActiveCfg = Release|Any CPU
		{B2DD772D-F347-40F3-B9E7-D5DCEB772E6E}.Release|Any CPU.Build.0 = Release|Any CPU
		{3D3FFD8A-624D-4E9B-954B-E1C105507975}.Debug|Any CPU.ActiveCfg = Debug|Any CPU
		{3D3FFD8A-624D-4E9B-954B-E1C105507975}.Debug|Any CPU.Build.0 = Debug|Any CPU
		{3D3FFD8A-624D-4E9B-954B-E1C105507975}.Release|Any CPU.ActiveCfg = Release|Any CPU
		{3D3FFD8A-624D-4E9B-954B-E1C105507975}.Release|Any CPU.Build.0 = Release|Any CPU
	EndGlobalSection
	GlobalSection(SolutionProperties) = preSolution
		HideSolutionNode = FALSE
	EndGlobalSection
EndGlobal
