
Microsoft Visual Studio Solution File, Format Version 10.00
# Visual Studio 2008
Project("{FAE04EC0-301F-11D3-BF4B-00C04F79EFBC}") = "cng1985", "cng1985\cng1985.csproj", "{DBBF74B8-7B17-4881-9E85-E4F9E251EEDD}"
EndProject
Project("{FAE04EC0-301F-11D3-BF4B-00C04F79EFBC}") = "papa", "papa\papa.csproj", "{A5925E1B-4313-4D88-9D49-0253D5F82A36}"
EndProject
Global
	GlobalSection(SubversionScc) = preSolution
		Svn-Managed = True
		Manager = AnkhSVN - Subversion Support for Visual Studio
	EndGlobalSection
	GlobalSection(SolutionConfigurationPlatforms) = preSolution
		Debug|Any CPU = Debug|Any CPU
		Release|Any CPU = Release|Any CPU
	EndGlobalSection
	GlobalSection(ProjectConfigurationPlatforms) = postSolution
		{DBBF74B8-7B17-4881-9E85-E4F9E251EEDD}.Debug|Any CPU.ActiveCfg = Debug|Any CPU
		{DBBF74B8-7B17-4881-9E85-E4F9E251EEDD}.Debug|Any CPU.Build.0 = Debug|Any CPU
		{DBBF74B8-7B17-4881-9E85-E4F9E251EEDD}.Release|Any CPU.ActiveCfg = Release|Any CPU
		{DBBF74B8-7B17-4881-9E85-E4F9E251EEDD}.Release|Any CPU.Build.0 = Release|Any CPU
		{A5925E1B-4313-4D88-9D49-0253D5F82A36}.Debug|Any CPU.ActiveCfg = Debug|Any CPU
		{A5925E1B-4313-4D88-9D49-0253D5F82A36}.Debug|Any CPU.Build.0 = Debug|Any CPU
		{A5925E1B-4313-4D88-9D49-0253D5F82A36}.Release|Any CPU.ActiveCfg = Release|Any CPU
		{A5925E1B-4313-4D88-9D49-0253D5F82A36}.Release|Any CPU.Build.0 = Release|Any CPU
	EndGlobalSection
	GlobalSection(SolutionProperties) = preSolution
		HideSolutionNode = FALSE
	EndGlobalSection
EndGlobal
