
Microsoft Visual Studio Solution File, Format Version 10.00
# Visual Studio 2008
# SharpDevelop 3.1.0.4077
Project("{FAE04EC0-301F-11D3-BF4B-00C04F79EFBC}") = "cng1985", "cng1985\cng1985.csproj", "{DBBF74B8-7B17-4881-9E85-E4F9E251EEDD}"
EndProject
Project("{FAE04EC0-301F-11D3-BF4B-00C04F79EFBC}") = "School", "School\School.csproj", "{9DC7601A-E88B-43CF-A310-F73FE859497B}"
EndProject
Project("{FAE04EC0-301F-11D3-BF4B-00C04F79EFBC}") = "Work", "Work\Work.csproj", "{B2DD772D-F347-40F3-B9E7-D5DCEB772E6E}"
EndProject
Project("{FAE04EC0-301F-11D3-BF4B-00C04F79EFBC}") = "god", "god\god.csproj", "{E295D692-EB57-4C21-B584-7898A0588D91}"
EndProject
Project("{FAE04EC0-301F-11D3-BF4B-00C04F79EFBC}") = "Hope", "Hope\Hope.csproj", "{D705F30E-3354-4B4A-BA9F-FF3DFE4C756C}"
EndProject
Global
	GlobalSection(SubversionScc) = preSolution
		Svn-Managed = True
		Manager = AnkhSVN - Subversion Support for Visual Studio
	EndGlobalSection
	GlobalSection(SolutionConfigurationPlatforms) = preSolution
		Debug|Any CPU = Debug|Any CPU
		Release|Any CPU = Release|Any CPU
	EndGlobalSection
	GlobalSection(ProjectConfigurationPlatforms) = postSolution
		{DBBF74B8-7B17-4881-9E85-E4F9E251EEDD}.Debug|Any CPU.ActiveCfg = Debug|Any CPU
		{DBBF74B8-7B17-4881-9E85-E4F9E251EEDD}.Debug|Any CPU.Build.0 = Debug|Any CPU
		{DBBF74B8-7B17-4881-9E85-E4F9E251EEDD}.Release|Any CPU.ActiveCfg = Release|Any CPU
		{DBBF74B8-7B17-4881-9E85-E4F9E251EEDD}.Release|Any CPU.Build.0 = Release|Any CPU
		{9DC7601A-E88B-43CF-A310-F73FE859497B}.Debug|Any CPU.ActiveCfg = Debug|Any CPU
		{9DC7601A-E88B-43CF-A310-F73FE859497B}.Debug|Any CPU.Build.0 = Debug|Any CPU
		{9DC7601A-E88B-43CF-A310-F73FE859497B}.Release|Any CPU.ActiveCfg = Release|Any CPU
		{9DC7601A-E88B-43CF-A310-F73FE859497B}.Release|Any CPU.Build.0 = Release|Any CPU
		{B2DD772D-F347-40F3-B9E7-D5DCEB772E6E}.Debug|Any CPU.ActiveCfg = Debug|Any CPU
		{B2DD772D-F347-40F3-B9E7-D5DCEB772E6E}.Debug|Any CPU.Build.0 = Debug|Any CPU
		{B2DD772D-F347-40F3-B9E7-D5DCEB772E6E}.Release|Any CPU.ActiveCfg = Release|Any CPU
		{B2DD772D-F347-40F3-B9E7-D5DCEB772E6E}.Release|Any CPU.Build.0 = Release|Any CPU
		{E295D692-EB57-4C21-B584-7898A0588D91}.Debug|Any CPU.Build.0 = Debug|Any CPU
		{E295D692-EB57-4C21-B584-7898A0588D91}.Debug|Any CPU.ActiveCfg = Debug|Any CPU
		{E295D692-EB57-4C21-B584-7898A0588D91}.Release|Any CPU.Build.0 = Release|Any CPU
		{E295D692-EB57-4C21-B584-7898A0588D91}.Release|Any CPU.ActiveCfg = Release|Any CPU
		{D705F30E-3354-4B4A-BA9F-FF3DFE4C756C}.Debug|Any CPU.Build.0 = Debug|Any CPU
		{D705F30E-3354-4B4A-BA9F-FF3DFE4C756C}.Debug|Any CPU.ActiveCfg = Debug|Any CPU
		{D705F30E-3354-4B4A-BA9F-FF3DFE4C756C}.Release|Any CPU.Build.0 = Release|Any CPU
		{D705F30E-3354-4B4A-BA9F-FF3DFE4C756C}.Release|Any CPU.ActiveCfg = Release|Any CPU
	EndGlobalSection
	GlobalSection(SolutionProperties) = preSolution
		HideSolutionNode = FALSE
	EndGlobalSection
EndGlobal
